
Microsoft Visual Studio Solution File, Format Version 12.00
# Visual Studio Version 17
VisualStudioVersion = 17.8.34309.116
MinimumVisualStudioVersion = 10.0.40219.1
Project("{FAE04EC0-301F-11D3-BF4B-00C04F79EFBC}") = "ShutDownTimer", "ShutDownTimer\ShutDownTimer.csproj", "{572EBB6A-1FF1-4884-9872-64086DD516BB}"
EndProject
Global
	GlobalSection(SolutionConfigurationPlatforms) = preSolution
		Debug|Any CPU = Debug|Any CPU
		Release|Any CPU = Release|Any CPU
	EndGlobalSection
	GlobalSection(ProjectConfigurationPlatforms) = postSolution
		{572EBB6A-1FF1-4884-9872-64086DD516BB}.Debug|Any CPU.ActiveCfg = Debug|Any CPU
		{572EBB6A-1FF1-4884-9872-64086DD516BB}.Debug|Any CPU.Build.0 = Debug|Any CPU
		{572EBB6A-1FF1-4884-9872-64086DD516BB}.Release|Any CPU.ActiveCfg = Release|Any CPU
		{572EBB6A-1FF1-4884-9872-64086DD516BB}.Release|Any CPU.Build.0 = Release|Any CPU
	EndGlobalSection
	GlobalSection(SolutionProperties) = preSolution
		HideSolutionNode = FALSE
	EndGlobalSection
	GlobalSection(ExtensibilityGlobals) = postSolution
		SolutionGuid = {A465822A-D7A5-473F-81CF-4ABFE89E4013}
	EndGlobalSection
EndGlobal
